dependencies:
  espressif/eppp_link:
    component_hash: 24fa36b363cbf5f9321817fca0be15777d59e24e947ece66092691c89a7cf1f1
    dependencies:
    - name: espressif/esp_serial_slave_link
      registry_url: https://components.espressif.com
      require: private
      version: ^1.1.0
    - name: idf
      require: private
      version: '>=5.2'
    source:
      registry_url: https://components.espressif.com
      type: service
    version: 1.1.2
  espressif/esp_hosted:
    component_hash: 34d46b0c50e32f9059338f19a6bae2ac1206bfe234f8d6aa365e925ef03f5030
    dependencies:
    - name: idf
      require: private
      version: '>=5.3'
    source:
      registry_url: https://components.espressif.com
      type: service
    version: 2.5.3
  espressif/esp_serial_slave_link:
    component_hash: 7cd3bae703cc6136b578ef521b2f9df3171d029775a3558f0efdb200a3b04f57
    dependencies:
    - name: idf
      require: private
      version: '>=5.0'
    source:
      registry_url: https://components.espressif.com
      type: service
    version: 1.1.1~1
  espressif/esp_wifi_remote:
    component_hash: c72537a89dfb9a894d0e5b1560bf688d8d84b233802e4f90df668a8091fdd1b2
    dependencies:
    - name: espressif/eppp_link
      registry_url: https://components.espressif.com
      require: private
      version: '>=0.1'
    - name: espressif/esp_hosted
      registry_url: https://components.espressif.com
      require: private
      rules:
      - if: target in [esp32h2, esp32p4]
      version: '>=0.0.6'
    - name: idf
      require: private
      version: '>=5.3'
    source:
      registry_url: https://components.espressif.com/
      type: service
    version: 0.5.5
  espressif/usb_host_uvc:
    component_hash: 7cbe200a31e380d6c4a296392d19a27ffd0134172ad0bf9e79a2bc7592ac7c80
    dependencies:
    - name: idf
      require: private
      version: '>=5.0'
    source:
      registry_url: https://components.espressif.com/
      type: service
    version: 2.3.0
  idf:
    source:
      type: idf
    version: 5.5.1
  nimble_peripheral_utils:
    dependencies: []
    source:
      path: C:\Users\Shine\esp\v5.5.1\esp-idf\examples\bluetooth\nimble\common\nimble_peripheral_utils
      type: local
    version: '*'
direct_dependencies:
- espressif/esp_wifi_remote
- espressif/usb_host_uvc
- idf
- nimble_peripheral_utils
manifest_hash: 5d2357bcc1a2aef33de7f3724eaa8b719e8823d97e3bcf6fcc7db86c4226efcf
target: esp32p4
version: 2.0.0
